
Microsoft Visual Studio Solution File, Format Version 12.00
# Visual Studio 14
VisualStudioVersion = 14.0.23107.0
MinimumVisualStudioVersion = 10.0.40219.1
Project("{FAE04EC0-301F-11D3-BF4B-00C04F79EFBC}") = "DOCK转盘上料机", "DOCK转盘上料机\DOCK转盘上料机.csproj", "{CBEDB651-EEC6-4385-9D4A-69F5F4C4AD9E}"
EndProject
Global
	GlobalSection(SolutionConfigurationPlatforms) = preSolution
		Debug|Any CPU = Debug|Any CPU
		Release|Any CPU = Release|Any CPU
	EndGlobalSection
	GlobalSection(ProjectConfigurationPlatforms) = postSolution
		{CBEDB651-EEC6-4385-9D4A-69F5F4C4AD9E}.Debug|Any CPU.ActiveCfg = Debug|Any CPU
		{CBEDB651-EEC6-4385-9D4A-69F5F4C4AD9E}.Debug|Any CPU.Build.0 = Debug|Any CPU
		{CBEDB651-EEC6-4385-9D4A-69F5F4C4AD9E}.Release|Any CPU.ActiveCfg = Release|Any CPU
		{CBEDB651-EEC6-4385-9D4A-69F5F4C4AD9E}.Release|Any CPU.Build.0 = Release|Any CPU
	EndGlobalSection
	GlobalSection(SolutionProperties) = preSolution
		HideSolutionNode = FALSE
	EndGlobalSection
EndGlobal
